
Microsoft Visual Studio Solution File, Format Version 12.00
# Visual Studio Version 17
VisualStudioVersion = 17.13.35913.81
MinimumVisualStudioVersion = 10.0.40219.1
Project("{FAE04EC0-301F-11D3-BF4B-00C04F79EFBC}") = "VBGroup", "VBGroup\VBGroup.csproj", "{5543009A-5521-4508-AEDF-EF598B6E6010}"
EndProject
Global
	GlobalSection(SolutionConfigurationPlatforms) = preSolution
		Debug R21|Any CPU = Debug R21|Any CPU
		Debug R22|Any CPU = Debug R22|Any CPU
		Debug R23|Any CPU = Debug R23|Any CPU
		Debug R24|Any CPU = Debug R24|Any CPU
		Debug R25|Any CPU = Debug R25|Any CPU
		Debug R26|Any CPU = Debug R26|Any CPU
	EndGlobalSection
	GlobalSection(ProjectConfigurationPlatforms) = postSolution
		{5543009A-5521-4508-AEDF-EF598B6E6010}.Debug R21|Any CPU.ActiveCfg = Debug R21|Any CPU
		{5543009A-5521-4508-AEDF-EF598B6E6010}.Debug R21|Any CPU.Build.0 = Debug R21|Any CPU
		{5543009A-5521-4508-AEDF-EF598B6E6010}.Debug R22|Any CPU.ActiveCfg = Debug R22|Any CPU
		{5543009A-5521-4508-AEDF-EF598B6E6010}.Debug R22|Any CPU.Build.0 = Debug R22|Any CPU
		{5543009A-5521-4508-AEDF-EF598B6E6010}.Debug R23|Any CPU.ActiveCfg = Debug R23|Any CPU
		{5543009A-5521-4508-AEDF-EF598B6E6010}.Debug R23|Any CPU.Build.0 = Debug R23|Any CPU
		{5543009A-5521-4508-AEDF-EF598B6E6010}.Debug R24|Any CPU.ActiveCfg = Debug R24|Any CPU
		{5543009A-5521-4508-AEDF-EF598B6E6010}.Debug R24|Any CPU.Build.0 = Debug R24|Any CPU
		{5543009A-5521-4508-AEDF-EF598B6E6010}.Debug R25|Any CPU.ActiveCfg = Debug R25|Any CPU
		{5543009A-5521-4508-AEDF-EF598B6E6010}.Debug R25|Any CPU.Build.0 = Debug R25|Any CPU
		{5543009A-5521-4508-AEDF-EF598B6E6010}.Debug R26|Any CPU.ActiveCfg = Debug R26|Any CPU
		{5543009A-5521-4508-AEDF-EF598B6E6010}.Debug R26|Any CPU.Build.0 = Debug R26|Any CPU
	EndGlobalSection
	GlobalSection(SolutionProperties) = preSolution
		HideSolutionNode = FALSE
	EndGlobalSection
	GlobalSection(ExtensibilityGlobals) = postSolution
		SolutionGuid = {79753FF3-5547-4273-B5A2-7DD9C895A4A9}
	EndGlobalSection
EndGlobal
